
Microsoft Visual Studio Solution File, Format Version 12.00
# Visual Studio Version 16
VisualStudioVersion = 16.0.30225.117
MinimumVisualStudioVersion = 10.0.40219.1
Project("{FAE04EC0-301F-11D3-BF4B-00C04F79EFBC}") = "HelloLog", "HelloLog\HelloLog.csproj", "{6B817AEA-8F2C-4E1D-9F53-3D5A5CB80407}"
EndProject
Global
	GlobalSection(SolutionConfigurationPlatforms) = preSolution
		Debug|Any CPU = Debug|Any CPU
		Release|Any CPU = Release|Any CPU
	EndGlobalSection
	GlobalSection(ProjectConfigurationPlatforms) = postSolution
		{6B817AEA-8F2C-4E1D-9F53-3D5A5CB80407}.Debug|Any CPU.ActiveCfg = Debug|Any CPU
		{6B817AEA-8F2C-4E1D-9F53-3D5A5CB80407}.Debug|Any CPU.Build.0 = Debug|Any CPU
		{6B817AEA-8F2C-4E1D-9F53-3D5A5CB80407}.Release|Any CPU.ActiveCfg = Release|Any CPU
		{6B817AEA-8F2C-4E1D-9F53-3D5A5CB80407}.Release|Any CPU.Build.0 = Release|Any CPU
	EndGlobalSection
	GlobalSection(SolutionProperties) = preSolution
		HideSolutionNode = FALSE
	EndGlobalSection
	GlobalSection(ExtensibilityGlobals) = postSolution
		SolutionGuid = {9170ED0F-139A-4A1E-9B8C-7A328636E98C}
	EndGlobalSection
EndGlobal
